{
  "name": "devops-tools-navigator",
  "version": "1.0.0",
  "lockfileVersion": 3,
  "requires": true,
  "packages": {
    "": {
      "name": "devops-tools-navigator",
      "version": "1.0.0",
      "dependencies": {
        "@heroicons/react": "^2.0.18",
        "fuse.js": "^7.0.0",
        "react": "^18.2.0",
        "react-dom": "^18.2.0",
        "react-router-dom": "^6.16.0"
      },
      "devDependencies": {
        "@types/node": "^20.5.2",
        "@types/react": "^18.2.15",
        "@types/react-dom": "^18.2.7",
        "@typescript-eslint/eslint-plugin": "^6.0.0",
        "@typescript-eslint/parser": "^6.0.0",
        "@vitejs/plugin-react": "^4.0.3",
        "autoprefixer": "^10.4.14",
        "eslint": "^8.45.0",
        "eslint-plugin-react-hooks": "^4.6.0",
        "eslint-plugin-react-refresh": "^0.4.3",
        "postcss": "^8.4.27",
        "prettier": "^3.0.0",
        "tailwindcss": "^3.3.0",
        "typescript": "^5.0.2",
        "vite": "^4.4.5",
        "vitest": "^0.34.0",
        "@testing-library/react": "^13.4.0",
        "@testing-library/jest-dom": "^6.1.0",
        "@testing-library/user-event": "^14.4.3",
        "jsdom": "^22.1.0"
      },
      "engines": {
        "node": ">=18.0.0",
        "npm": ">=9.0.0"
      }
    },
    "node_modules/@heroicons/react": {
      "version": "2.0.18",
      "resolved": "https://registry.npmjs.org/@heroicons/react/-/react-2.0.18.tgz",
      "integrity": "sha512-7TyMjRrZZMBPa+/5Y8lN0iyvUU/01PeMGX2+RE7cQWpEUIcb4QotzUObFkJDejj/HUH4qjP/eQ0gzzKs2f+6Yw==",
      "peerDependencies": {
        "react": ">= 16"
      }
    },
    "node_modules/fuse.js": {
      "version": "7.0.0",
      "resolved": "https://registry.npmjs.org/fuse.js/-/fuse.js-7.0.0.tgz",
      "integrity": "sha512-14F4hBIxqKvD4Zz/XjDc3y94mNZN6pRv3U13Udo0lNLCWRBUsrMv2xwcF/y/Z5sV6+FQW+/ow68cHpm4sont8Q==",
      "engines": {
        "node": ">=10"
      }
    },
    "node_modules/react": {
      "version": "18.2.0",
      "resolved": "https://registry.npmjs.org/react/-/react-18.2.0.tgz",
      "integrity": "sha512-/3IjMdb2L9QbBdWiW5e3P2/npwMBaU9mHCSCUzNln0ZCYbcfTsGbTJrU/kGemdH2IWmB2ioZ+zkxtmq6g09fGQ==",
      "dependencies": {
        "loose-envify": "^1.1.0"
      },
      "engines": {
        "node": ">=0.10.0"
      }
    },
    "node_modules/react-dom": {
      "version": "18.2.0",
      "resolved": "https://registry.npmjs.org/react-dom/-/react-dom-18.2.0.tgz",
      "integrity": "sha512-6IMTriUmvsjHUjNtEDudZfuDQUoWXVxKHhlEGSk81n4YFS+r/Kl99wXiwlVXtPBtJenozv2P+hxDsw9eA7Xo6g==",
      "dependencies": {
        "loose-envify": "^1.1.0",
        "scheduler": "^0.23.0"
      },
      "peerDependencies": {
        "react": "^18.2.0"
      }
    },
    "node_modules/react-router-dom": {
      "version": "6.16.0",
      "resolved": "https://registry.npmjs.org/react-router-dom/-/react-router-dom-6.16.0.tgz",
      "integrity": "sha512-aTfBLv3mk/gaKLxgRDUPbPw+s4Y/O+ma3rEN1u8EgEpLpPe6gNjIsWt9rxushMHHMb7mSwxRGdGlGdvmFsyPIg==",
      "dependencies": {
        "@remix-run/router": "1.9.0",
        "react-router": "6.16.0"
      },
      "engines": {
        "node": ">=14.0.0"
      },
      "peerDependencies": {
        "react": ">=16.8",
        "react-dom": ">=16.8"
      }
    },
    "node_modules/@types/node": {
      "version": "20.5.2",
      "resolved": "https://registry.npmjs.org/@types/node/-/node-20.5.2.tgz",
      "integrity": "sha512-dc7ZJZLrKzecGKVNE2Skt4uFPaGgGl5iMLzz7Y0aPH1p6MSYfcP4rVOE/ILvWlh/h8qf7FY8WYmLx4+3X5rUjw==",
      "dev": true
    },
    "node_modules/@types/react": {
      "version": "18.2.15",
      "resolved": "https://registry.npmjs.org/@types/react/-/react-18.2.15.tgz",
      "integrity": "sha512-oEjE7TQt1fFTFSbf8kkNuc798ahTUzn3Le67/PWjE8MAfYAD/qB3lBsbpCAYgcjdcBqeTGhBWWkHkH+dcomYxA==",
      "dev": true,
      "dependencies": {
        "@types/prop-types": "*",
        "@types/scheduler": "*",
        "csstype": "^3.0.2"
      }
    },
    "node_modules/@types/react-dom": {
      "version": "18.2.7",
      "resolved": "https://registry.npmjs.org/@types/react-dom/-/react-dom-18.2.7.tgz",
      "integrity": "sha512-GRaAEriuT4zp9N4p1i8BDBYmEyfo+xQ3yHjJU4eiK5NDa1RmUZG+unZABUTK4/Ox/M+GaHwb6Ow8rUITrtjszA==",
      "dev": true,
      "dependencies": {
        "@types/react": "*"
      }
    },
    "node_modules/@vitejs/plugin-react": {
      "version": "4.0.3",
      "resolved": "https://registry.npmjs.org/@vitejs/plugin-react/-/plugin-react-4.0.3.tgz",
      "integrity": "sha512-pwXDog5nwwvPl/cT8/UVOYQWzL3Jk4Gr+2sVfCnV6XYpJ6/0rgCbNyPJVfv8fE8jQYPDVNbBL1bPjglJhW0LzA==",
      "dev": true,
      "dependencies": {
        "@babel/core": "^7.22.5",
        "@babel/plugin-transform-react-jsx-self": "^7.22.5",
        "@babel/plugin-transform-react-jsx-source": "^7.22.5",
        "react-refresh": "^0.14.0"
      },
      "engines": {
        "node": "^14.18.0 || >=16.0.0"
      },
      "peerDependencies": {
        "vite": "^4.2.0"
      }
    },
    "node_modules/vite": {
      "version": "4.4.5",
      "resolved": "https://registry.npmjs.org/vite/-/vite-4.4.5.tgz",
      "integrity": "sha512-0Fylo0jCz/tG9hZD8xa8OZl8OLW9bGnKLjG5m1pEVgFYn8yJlIDMKuMOFtEjk5L2mPXZ2eTBtKyRfxgudVzQLw==",
      "dev": true,
      "dependencies": {
        "esbuild": "^0.18.10",
        "postcss": "^8.4.24",
        "rollup": "^3.27.1"
      },
      "bin": {
        "vite": "bin/vite.js"
      },
      "engines": {
        "node": "^14.18.0 || >=16.0.0"
      },
      "peerDependencies": {
        "@types/node": ">= 14",
        "less": "*",
        "lightningcss": "^1.21.0",
        "sass": "*",
        "stylus": "*",
        "sugarss": "*",
        "terser": "^5.4.0"
      },
      "peerDependenciesMeta": {
        "@types/node": {
          "optional": true
        },
        "less": {
          "optional": true
        },
        "lightningcss": {
          "optional": true
        },
        "sass": {
          "optional": true
        },
        "stylus": {
          "optional": true
        },
        "sugarss": {
          "optional": true
        },
        "terser": {
          "optional": true
        }
      }
    },
    "node_modules/typescript": {
      "version": "5.0.2",
      "resolved": "https://registry.npmjs.org/typescript/-/typescript-5.0.2.tgz",
      "integrity": "sha512-wVORMBGO/FAs/++blGNeAVdbNKtIh1rbBL2EyQ1+J9lClJ93KiiKe8PmFIVdXhHcyv44SL9oglmfeSsndo0jzw==",
      "dev": true,
      "bin": {
        "tsc": "bin/tsc",
        "tsserver": "bin/tsserver"
      },
      "engines": {
        "node": ">=14.17"
      }
    },
    "node_modules/tailwindcss": {
      "version": "3.3.0",
      "resolved": "https://registry.npmjs.org/tailwindcss/-/tailwindcss-3.3.0.tgz",
      "integrity": "sha512-F/S6VqhOGxn2oY+R3pU8QGdX6xWQGMmWlwYYi9WHUH5L7kT8WZMjSTR1JvKOUXgOhYC2LfPELMBqZCvmvp+JWQ==",
      "dev": true,
      "dependencies": {
        "@alloc/quick-lru": "^5.2.0",
        "arg": "^5.0.2",
        "chokidar": "^3.5.3",
        "didyoumean": "^1.2.2",
        "dlv": "^1.1.3",
        "fast-glob": "^3.2.12",
        "glob-parent": "^6.0.2",
        "is-glob": "^4.0.3",
        "jiti": "^1.18.2",
        "lilconfig": "^2.1.0",
        "micromatch": "^4.0.5",
        "normalize-path": "^3.0.0",
        "object-hash": "^3.0.0",
        "picocolors": "^1.0.0",
        "postcss": "^8.4.23",
        "postcss-import": "^15.1.0",
        "postcss-js": "^4.0.1",
        "postcss-load-config": "^4.0.1",
        "postcss-nested": "^6.0.1",
        "postcss-selector-parser": "^6.0.11",
        "resolve": "^1.22.2",
        "sucrase": "^3.32.0"
      },
      "bin": {
        "tailwind": "lib/cli.js",
        "tailwindcss": "lib/cli.js"
      },
      "engines": {
        "node": ">=14.0.0"
      }
    },
    "node_modules/eslint": {
      "version": "8.45.0",
      "resolved": "https://registry.npmjs.org/eslint/-/eslint-8.45.0.tgz",
      "integrity": "sha512-pd8KSxiQpdYRfYa9Wufvdoct3ZPQQuVuU5O6scNgMuOMYuxvH0IGaYK0wUFjo4UYYQQCUndlXiMbnxopwvvTiw==",
      "dev": true,
      "dependencies": {
        "@eslint-community/eslint-utils": "^4.2.0",
        "@eslint-community/regexpp": "^4.4.0",
        "@eslint/eslintrc": "^2.1.0",
        "@eslint/js": "8.44.0",
        "@humanwhocodes/config-array": "^0.11.10",
        "@humanwhocodes/module-importer": "^1.0.1",
        "@nodelib/fs.walk": "^1.2.8",
        "ajv": "^6.12.4",
        "chalk": "^4.0.0",
        "cross-spawn": "^7.0.2",
        "debug": "^4.3.2",
        "doctrine": "^3.0.0",
        "escape-string-regexp": "^4.0.0",
        "eslint-scope": "^7.2.0",
        "eslint-visitor-keys": "^3.4.1",
        "espree": "^9.6.0",
        "esquery": "^1.4.2",
        "esutils": "^2.0.2",
        "fast-deep-equal": "^3.1.3",
        "file-entry-cache": "^6.0.1",
        "find-up": "^5.0.0",
        "glob-parent": "^6.0.2",
        "globals": "^13.19.0",
        "graphemer": "^1.4.0",
        "ignore": "^5.2.0",
        "imurmurhash": "^0.1.4",
        "is-glob": "^4.0.0",
        "is-path-inside": "^3.0.3",
        "js-yaml": "^4.1.0",
        "json-stable-stringify-without-jsonify": "^1.0.1",
        "levn": "^0.4.1",
        "lodash.merge": "^4.6.2",
        "minimatch": "^3.1.2",
        "natural-compare": "^1.4.0",
        "optionator": "^0.9.3",
        "strip-ansi": "^6.0.1",
        "text-table": "^0.2.0"
      },
      "bin": {
        "eslint": "bin/eslint.js"
      },
      "engines": {
        "node": "^12.22.0 || ^14.17.0 || >=16.0.0"
      }
    },
    "node_modules/prettier": {
      "version": "3.0.0",
      "resolved": "https://registry.npmjs.org/prettier/-/prettier-3.0.0.tgz",
      "integrity": "sha512-zBf5eHpwHOGPC47h0zrPyNn+eAEIdEzfywMoYn2XPi0P44Zp0tSq64rq0xAREh4auw2cJZHo9QUob+NqCQky4g==",
      "dev": true,
      "bin": {
        "prettier": "bin/prettier.cjs"
      },
      "engines": {
        "node": ">=14"
      }
    },
    "node_modules/vitest": {
      "version": "0.34.0",
      "resolved": "https://registry.npmjs.org/vitest/-/vitest-0.34.0.tgz",
      "integrity": "sha512-4UL3W5GJUWyKLOI0yKXGqPvP8POx7wRcSPdlV3/8+DdPdT7Ls9xfwdl6jC5QLhEbLBCy9KlNkpD7D9QvYyBTEg==",
      "dev": true,
      "dependencies": {
        "@types/chai": "^4.3.5",
        "@types/chai-subset": "^1.3.3",
        "@types/node": "*",
        "@vitest/expect": "0.34.0",
        "@vitest/runner": "0.34.0",
        "@vitest/snapshot": "0.34.0",
        "@vitest/spy": "0.34.0",
        "@vitest/utils": "0.34.0",
        "acorn": "^8.9.0",
        "acorn-walk": "^8.2.0",
        "cac": "^6.7.14",
        "chai": "^4.3.7",
        "debug": "^4.3.4",
        "local-pkg": "^0.4.3",
        "magic-string": "^0.30.1",
        "pathe": "^1.1.1",
        "picocolors": "^1.0.0",
        "std-env": "^3.3.3",
        "strip-literal": "^1.0.1",
        "tinybench": "^2.5.0",
        "tinypool": "^0.6.0",
        "vite": "^3.1.0 || ^4.0.0",
        "vite-node": "0.34.0",
        "why-is-node-running": "^2.2.2"
      },
      "bin": {
        "vitest": "vitest.mjs"
      },
      "engines": {
        "node": ">=v14.18.0"
      }
    },
    "node_modules/loose-envify": {
      "version": "1.4.0",
      "resolved": "https://registry.npmjs.org/loose-envify/-/loose-envify-1.4.0.tgz",
      "integrity": "sha512-lyuxPGr/Wfhrlem2CL/UcnUc1zcqKAImBDzukY7Y5F/yQiNdko6+fRLevlw1HgMySw7f611UIY408EtxRSoK3Q==",
      "dependencies": {
        "js-tokens": "^3.0.0 || ^4.0.0"
      },
      "bin": {
        "loose-envify": "cli.js"
      }
    },
    "node_modules/scheduler": {
      "version": "0.23.0",
      "resolved": "https://registry.npmjs.org/scheduler/-/scheduler-0.23.0.tgz",
      "integrity": "sha512-CtuThmgHNg7zIZWAXi3AsyIzA3n4xx7aNyjwC2VJldO2LMVDhFK+63xGqq6CsJH4rTAt6/M+N4GhZiDYPx9eUw==",
      "dependencies": {
        "loose-envify": "^1.1.0"
      }
    },
    "node_modules/js-tokens": {
      "version": "4.0.0",
      "resolved": "https://registry.npmjs.org/js-tokens/-/js-tokens-4.0.0.tgz",
      "integrity": "sha512-RdJUflcE3cUzKiMqQgsCu06FPu9UdIJO0beYbPhHN4k6apgJtifcoCtT9bcxOpYBtpD2kCM6Sbzg4CausW/PKQ=="
    }
  }
}